
Microsoft Visual Studio Solution File, Format Version 12.00
# Visual Studio Version 17
VisualStudioVersion = 17.4.33122.133
MinimumVisualStudioVersion = 10.0.40219.1
Project("{FAE04EC0-301F-11D3-BF4B-00C04F79EFBC}") = "AoCUnitTest", "AoCUnitTest\AoCUnitTest.csproj", "{B2870DA9-7F54-4D58-B3A6-5E76463C01A7}"
EndProject
Project("{9A19103F-16F7-4668-BE54-9A1E7A4F7556}") = "AoC.Puzzles", "AoC_Puzzles\AoC.Puzzles.csproj", "{3D76A9F6-79CD-412B-8EE9-534AB112A816}"
EndProject
Project("{9A19103F-16F7-4668-BE54-9A1E7A4F7556}") = "AoC.Solver", "AoC_Solver\AoC.Solver.csproj", "{850C241E-1789-4A79-81D9-E60EC7DCF2E3}"
EndProject
Project("{FAE04EC0-301F-11D3-BF4B-00C04F79EFBC}") = "AoC.UnitTest", "AoC_UnitTest\AoC.UnitTest.csproj", "{0FBDF445-483C-4E72-A9A6-244EAAB48265}"
EndProject
Global
	GlobalSection(SolutionConfigurationPlatforms) = preSolution
		Debug|Any CPU = Debug|Any CPU
		Release|Any CPU = Release|Any CPU
	EndGlobalSection
	GlobalSection(ProjectConfigurationPlatforms) = postSolution
		{B2870DA9-7F54-4D58-B3A6-5E76463C01A7}.Debug|Any CPU.ActiveCfg = Debug|Any CPU
		{B2870DA9-7F54-4D58-B3A6-5E76463C01A7}.Debug|Any CPU.Build.0 = Debug|Any CPU
		{B2870DA9-7F54-4D58-B3A6-5E76463C01A7}.Release|Any CPU.ActiveCfg = Release|Any CPU
		{B2870DA9-7F54-4D58-B3A6-5E76463C01A7}.Release|Any CPU.Build.0 = Release|Any CPU
		{3D76A9F6-79CD-412B-8EE9-534AB112A816}.Debug|Any CPU.ActiveCfg = Debug|Any CPU
		{3D76A9F6-79CD-412B-8EE9-534AB112A816}.Debug|Any CPU.Build.0 = Debug|Any CPU
		{3D76A9F6-79CD-412B-8EE9-534AB112A816}.Release|Any CPU.ActiveCfg = Release|Any CPU
		{3D76A9F6-79CD-412B-8EE9-534AB112A816}.Release|Any CPU.Build.0 = Release|Any CPU
		{850C241E-1789-4A79-81D9-E60EC7DCF2E3}.Debug|Any CPU.ActiveCfg = Debug|Any CPU
		{850C241E-1789-4A79-81D9-E60EC7DCF2E3}.Debug|Any CPU.Build.0 = Debug|Any CPU
		{850C241E-1789-4A79-81D9-E60EC7DCF2E3}.Release|Any CPU.ActiveCfg = Release|Any CPU
		{850C241E-1789-4A79-81D9-E60EC7DCF2E3}.Release|Any CPU.Build.0 = Release|Any CPU
		{0FBDF445-483C-4E72-A9A6-244EAAB48265}.Debug|Any CPU.ActiveCfg = Debug|Any CPU
		{0FBDF445-483C-4E72-A9A6-244EAAB48265}.Debug|Any CPU.Build.0 = Debug|Any CPU
		{0FBDF445-483C-4E72-A9A6-244EAAB48265}.Release|Any CPU.ActiveCfg = Release|Any CPU
		{0FBDF445-483C-4E72-A9A6-244EAAB48265}.Release|Any CPU.Build.0 = Release|Any CPU
	EndGlobalSection
	GlobalSection(SolutionProperties) = preSolution
		HideSolutionNode = FALSE
	EndGlobalSection
	GlobalSection(ExtensibilityGlobals) = postSolution
		SolutionGuid = {F4FA7156-CEB7-4483-BD22-13C7AEAB8973}
	EndGlobalSection
EndGlobal
